// !$*UTF8*$!
{
	archiveVersion = 1;
	classes = {
	};
	objectVersion = 56;
	objects = {

/* Begin PBXBuildFile section */
		8FFFEEAC2A42D577006A5CDD /* AppDelegate.swift in Sources */ = {isa = PBXBuildFile; fileRef = 8FFFEEAB2A42D577006A5CDD /* AppDelegate.swift */; };
		8FFFEEAE2A42D577006A5CDD /* SceneDelegate.swift in Sources */ = {isa = PBXBuildFile; fileRef = 8FFFEEAD2A42D577006A5CDD /* SceneDelegate.swift */; };
		8FFFEEB02A42D577006A5CDD /* ViewController.swift in Sources */ = {isa = PBXBuildFile; fileRef = 8FFFEEAF2A42D577006A5CDD /* ViewController.swift */; };
		8FFFEEB32A42D577006A5CDD /* Main.storyboard in Resources */ = {isa = PBXBuildFile; fileRef = 8FFFEEB12A42D577006A5CDD /* Main.storyboard */; };
		8FFFEEB52A42D57C006A5CDD /* Assets.xcassets in Resources */ = {isa = PBXBuildFile; fileRef = 8FFFEEB42A42D57C006A5CDD /* Assets.xcassets */; };
		8FFFEEB82A42D57C006A5CDD /* LaunchScreen.storyboard in Resources */ = {isa = PBXBuildFile; fileRef = 8FFFEEB62A42D57C006A5CDD /* LaunchScreen.storyboard */; };
		8FFFEEC12A42D5A7006A5CDD /* Models.swift in Sources */ = {isa = PBXBuildFile; fileRef = 8FFFEEC02A42D5A7006A5CDD /* Models.swift */; };
/* End PBXBuildFile section */

/* Begin PBXFileReference section */
		8FFFEEA82A42D577006A5CDD /* DummyDecodable.app */ = {isa = PBXFileReference; explicitFileType = wrapper.application; includeInIndex = 0; path = DummyDecodable.app; sourceTree = BUILT_PRODUCTS_DIR; };
		8FFFEEAB2A42D577006A5CDD /* AppDelegate.swift */ = {isa = PBXFileReference; lastKnownFileType = sourcecode.swift; path = AppDelegate.swift; sourceTree = "<group>"; };
		8FFFEEAD2A42D577006A5CDD /* SceneDelegate.swift */ = {isa = PBXFileReference; lastKnownFileType = sourcecode.swift; path = SceneDelegate.swift; sourceTree = "<group>"; };
		8FFFEEAF2A42D577006A5CDD /* ViewController.swift */ = {isa = PBXFileReference; lastKnownFileType = sourcecode.swift; path = ViewController.swift; sourceTree = "<group>"; };
		8FFFEEB22A42D577006A5CDD /* Base */ = {isa = PBXFileReference; lastKnownFileType = file.storyboard; name = Base; path = Base.lproj/Main.storyboard; sourceTree = "<group>"; };
		8FFFEEB42A42D57C006A5CDD /* Assets.xcassets */ = {isa = PBXFileReference; lastKnownFileType = folder.assetcatalog; path = Assets.xcassets; sourceTree = "<group>"; };
		8FFFEEB72A42D57C006A5CDD /* Base */ = {isa = PBXFileReference; lastKnownFileType = file.storyboard; name = Base; path = Base.lproj/LaunchScreen.storyboard; sourceTree = "<group>"; };
		8FFFEEB92A42D57C006A5CDD /* Info.plist */ = {isa = PBXFileReference; lastKnownFileType = text.plist.xml; path = Info.plist; sourceTree = "<group>"; };
		8FFFEEC02A42D5A7006A5CDD /* Models.swift */ = {isa = PBXFileReference; lastKnownFileType = sourcecode.swift; path = Models.swift; sourceTree = "<group>"; };
/* End PBXFileReference section */

/* Begin PBXFrameworksBuildPhase section */
		8FFFEEA52A42D577006A5CDD /* Frameworks */ = {
			isa = PBXFrameworksBuildPhase;
			buildActionMask = 2147483647;
			files = (
			);
			runOnlyForDeploymentPostprocessing = 0;
		};
/* End PBXFrameworksBuildPhase section */

/* Begin PBXGroup section */
		8FFFEE9F2A42D577006A5CDD = {
			isa = PBXGroup;
			children = (
				8FFFEEAA2A42D577006A5CDD /* DummyDecodable */,
				8FFFEEA92A42D577006A5CDD /* Products */,
			);
			sourceTree = "<group>";
		};
		8FFFEEA92A42D577006A5CDD /* Products */ = {
			isa = PBXGroup;
			children = (
				8FFFEEA82A42D577006A5CDD /* DummyDecodable.app */,
			);
			name = Products;
			sourceTree = "<group>";
		};
		8FFFEEAA2A42D577006A5CDD /* DummyDecodable */ = {
			isa = PBXGroup;
			children = (
				8FFFEEBF2A42D58C006A5CDD /* Sources */,
				8FFFEEAB2A42D577006A5CDD /* AppDelegate.swift */,
				8FFFEEAD2A42D577006A5CDD /* SceneDelegate.swift */,
				8FFFEEAF2A42D577006A5CDD /* ViewController.swift */,
				8FFFEEB12A42D577006A5CDD /* Main.storyboard */,
				8FFFEEB42A42D57C006A5CDD /* Assets.xcassets */,
				8FFFEEB62A42D57C006A5CDD /* LaunchScreen.storyboard */,
				8FFFEEB92A42D57C006A5CDD /* Info.plist */,
			);
			path = DummyDecodable;
			sourceTree = "<group>";
		};
		8FFFEEBF2A42D58C006A5CDD /* Sources */ = {
			isa = PBXGroup;
			children = (
				8FFFEEC02A42D5A7006A5CDD /* Models.swift */,
			);
			path = Sources;
			sourceTree = "<group>";
		};
/* End PBXGroup section */

/* Begin PBXNativeTarget section */
		8FFFEEA72A42D577006A5CDD /* DummyDecodable */ = {
			isa = PBXNativeTarget;
			buildConfigurationList = 8FFFEEBC2A42D57C006A5CDD /* Build configuration list for PBXNativeTarget "DummyDecodable" */;
			buildPhases = (
				8FFFEEA42A42D577006A5CDD /* Sources */,
				8FFFEEA52A42D577006A5CDD /* Frameworks */,
				8FFFEEA62A42D577006A5CDD /* Resources */,
			);
			buildRules = (
			);
			dependencies = (
			);
			name = DummyDecodable;
			productName = DummyDecodable;
			productReference = 8FFFEEA82A42D577006A5CDD /* DummyDecodable.app */;
			productType = "com.apple.product-type.application";
		};
/* End PBXNativeTarget section */

/* Begin PBXProject section */
		8FFFEEA02A42D577006A5CDD /* Project object */ = {
			isa = PBXProject;
			attributes = {
				BuildIndependentTargetsInParallel = 1;
				LastSwiftUpdateCheck = 1420;
				LastUpgradeCheck = 1420;
				TargetAttributes = {
					8FFFEEA72A42D577006A5CDD = {
						CreatedOnToolsVersion = 14.2;
					};
				};
			};
			buildConfigurationList = 8FFFEEA32A42D577006A5CDD /* Build configuration list for PBXProject "DummyDecodable" */;
			compatibilityVersion = "Xcode 14.0";
			developmentRegion = en;
			hasScannedForEncodings = 0;
			knownRegions = (
				en,
				Base,
			);
			mainGroup = 8FFFEE9F2A42D577006A5CDD;
			productRefGroup = 8FFFEEA92A42D577006A5CDD /* Products */;
			projectDirPath = "";
			projectRoot = "";
			targets = (
				8FFFEEA72A42D577006A5CDD /* DummyDecodable */,
			);
		};
/* End PBXProject section */

/* Begin PBXResourcesBuildPhase section */
		8FFFEEA62A42D577006A5CDD /* Resources */ = {
			isa = PBXResourcesBuildPhase;
			buildActionMask = 2147483647;
			files = (
				8FFFEEB82A42D57C006A5CDD /* LaunchScreen.storyboard in Resources */,
				8FFFEEB52A42D57C006A5CDD /* Assets.xcassets in Resources */,
				8FFFEEB32A42D577006A5CDD /* Main.storyboard in Resources */,
			);
			runOnlyForDeploymentPostprocessing = 0;
		};
/* End PBXResourcesBuildPhase section */

/* Begin PBXSourcesBuildPhase section */
		8FFFEEA42A42D577006A5CDD /* Sources */ = {
			isa = PBXSourcesBuildPhase;
			buildActionMask = 2147483647;
			files = (
				8FFFEEB02A42D577006A5CDD /* ViewController.swift in Sources */,
				8FFFEEAC2A42D577006A5CDD /* AppDelegate.swift in Sources */,
				8FFFEEAE2A42D577006A5CDD /* SceneDelegate.swift in Sources */,
				8FFFEEC12A42D5A7006A5CDD /* Models.swift in Sources */,
			);
			runOnlyForDeploymentPostprocessing = 0;
		};
/* End PBXSourcesBuildPhase section */

/* Begin PBXVariantGroup section */
		8FFFEEB12A42D577006A5CDD /* Main.storyboard */ = {
			isa = PBXVariantGroup;
			children = (
				8FFFEEB22A42D577006A5CDD /* Base */,
			);
			name = Main.storyboard;
			sourceTree = "<group>";
		};
		8FFFEEB62A42D57C006A5CDD /* LaunchScreen.storyboard */ = {
			isa = PBXVariantGroup;
			children = (
				8FFFEEB72A42D57C006A5CDD /* Base */,
			);
			name = LaunchScreen.storyboard;
			sourceTree = "<group>";
		};
/* End PBXVariantGroup section */

/* Begin XCBuildConfiguration section */
		8FFFEEBA2A42D57C006A5CDD /* Debug */ = {
			isa = XCBuildConfiguration;
			buildSettings = {
				ALWAYS_SEARCH_USER_PATHS = NO;
				CLANG_ANALYZER_NONNULL = YES;
				CLANG_ANALYZER_NUMBER_OBJECT_CONVERSION = YES_AGGRESSIVE;
				CLANG_CXX_LANGUAGE_STANDARD = "gnu++20";
				CLANG_ENABLE_MODULES = YES;
				CLANG_ENABLE_OBJC_ARC = YES;
				CLANG_ENABLE_OBJC_WEAK = YES;
				CLANG_WARN_BLOCK_CAPTURE_AUTORELEASING = YES;
				CLANG_WARN_BOOL_CONVERSION = YES;
				CLANG_WARN_COMMA = YES;
				CLANG_WARN_CONSTANT_CONVERSION = YES;
				CLANG_WARN_DEPRECATED_OBJC_IMPLEMENTATIONS = YES;
				CLANG_WARN_DIRECT_OBJC_ISA_USAGE = YES_ERROR;
				CLANG_WARN_DOCUMENTATION_COMMENTS = YES;
				CLANG_WARN_EMPTY_BODY = YES;
				CLANG_WARN_ENUM_CONVERSION = YES;
				CLANG_WARN_INFINITE_RECURSION = YES;
				CLANG_WARN_INT_CONVERSION = YES;
				CLANG_WARN_NON_LITERAL_NULL_CONVERSION = YES;
				CLANG_WARN_OBJC_IMPLICIT_RETAIN_SELF = YES;
				CLANG_WARN_OBJC_LITERAL_CONVERSION = YES;
				CLANG_WARN_OBJC_ROOT_CLASS = YES_ERROR;
				CLANG_WARN_QUOTED_INCLUDE_IN_FRAMEWORK_HEADER = YES;
				CLANG_WARN_RANGE_LOOP_ANALYSIS = YES;
				CLANG_WARN_STRICT_PROTOTYPES = YES;
				CLANG_WARN_SUSPICIOUS_MOVE = YES;
				CLANG_WARN_UNGUARDED_AVAILABILITY = YES_AGGRESSIVE;
				CLANG_WARN_UNREACHABLE_CODE = YES;
				CLANG_WARN__DUPLICATE_METHOD_MATCH = YES;
				COPY_PHASE_STRIP = NO;
				DEBUG_INFORMATION_FORMAT = dwarf;
				ENABLE_STRICT_OBJC_MSGSEND = YES;
				ENABLE_TESTABILITY = YES;
				GCC_C_LANGUAGE_STANDARD = gnu11;
				GCC_DYNAMIC_NO_PIC = NO;
				GCC_NO_COMMON_BLOCKS = YES;
				GCC_OPTIMIZATION_LEVEL = 0;
				GCC_PREPROCESSOR_DEFINITIONS = (
					"DEBUG=1",
					"$(inherited)",
				);
				GCC_WARN_64_TO_32_BIT_CONVERSION = YES;
				GCC_WARN_ABOUT_RETURN_TYPE = YES_ERROR;
				GCC_WARN_UNDECLARED_SELECTOR = YES;
				GCC_WARN_UNINITIALIZED_AUTOS = YES_AGGRESSIVE;
				GCC_WARN_UNUSED_FUNCTION = YES;
				GCC_WARN_UNUSED_VARIABLE = YES;
				IPHONEOS_DEPLOYMENT_TARGET = 13.0;
				MTL_ENABLE_DEBUG_INFO = INCLUDE_SOURCE;
				MTL_FAST_MATH = YES;
				ONLY_ACTIVE_ARCH = YES;
				SDKROOT = iphoneos;
				SWIFT_ACTIVE_COMPILATION_CONDITIONS = DEBUG;
				SWIFT_OPTIMIZATION_LEVEL = "-Onone";
			};
			name = Debug;
		};
		8FFFEEBB2A42D57C006A5CDD /* Release */ = {
			isa = XCBuildConfiguration;
			buildSettings = {
				ALWAYS_SEARCH_USER_PATHS = NO;
				CLANG_ANALYZER_NONNULL = YES;
				CLANG_ANALYZER_NUMBER_OBJECT_CONVERSION = YES_AGGRESSIVE;
				CLANG_CXX_LANGUAGE_STANDARD = "gnu++20";
				CLANG_ENABLE_MODULES = YES;
				CLANG_ENABLE_OBJC_ARC = YES;
				CLANG_ENABLE_OBJC_WEAK = YES;
				CLANG_WARN_BLOCK_CAPTURE_AUTORELEASING = YES;
				CLANG_WARN_BOOL_CONVERSION = YES;
				CLANG_WARN_COMMA = YES;
				CLANG_WARN_CONSTANT_CONVERSION = YES;
				CLANG_WARN_DEPRECATED_OBJC_IMPLEMENTATIONS = YES;
				CLANG_WARN_DIRECT_OBJC_ISA_USAGE = YES_ERROR;
				CLANG_WARN_DOCUMENTATION_COMMENTS = YES;
				CLANG_WARN_EMPTY_BODY = YES;
				CLANG_WARN_ENUM_CONVERSION = YES;
				CLANG_WARN_INFINITE_RECURSION = YES;
				CLANG_WARN_INT_CONVERSION = YES;
				CLANG_WARN_NON_LITERAL_NULL_CONVERSION = YES;
				CLANG_WARN_OBJC_IMPLICIT_RETAIN_SELF = YES;
				CLANG_WARN_OBJC_LITERAL_CONVERSION = YES;
				CLANG_WARN_OBJC_ROOT_CLASS = YES_ERROR;
				CLANG_WARN_QUOTED_INCLUDE_IN_FRAMEWORK_HEADER = YES;
				CLANG_WARN_RANGE_LOOP_ANALYSIS = YES;
				CLANG_WARN_STRICT_PROTOTYPES = YES;
				CLANG_WARN_SUSPICIOUS_MOVE = YES;
				CLANG_WARN_UNGUARDED_AVAILABILITY = YES_AGGRESSIVE;
				CLANG_WARN_UNREACHABLE_CODE = YES;
				CLANG_WARN__DUPLICATE_METHOD_MATCH = YES;
				COPY_PHASE_STRIP = NO;
				DEBUG_INFORMATION_FORMAT = "dwarf-with-dsym";
				ENABLE_NS_ASSERTIONS = NO;
				ENABLE_STRICT_OBJC_MSGSEND = YES;
				GCC_C_LANGUAGE_STANDARD = gnu11;
				GCC_NO_COMMON_BLOCKS = YES;
				GCC_WARN_64_TO_32_BIT_CONVERSION = YES;
				GCC_WARN_ABOUT_RETURN_TYPE = YES_ERROR;
				GCC_WARN_UNDECLARED_SELECTOR = YES;
				GCC_WARN_UNINITIALIZED_AUTOS = YES_AGGRESSIVE;
				GCC_WARN_UNUSED_FUNCTION = YES;
				GCC_WARN_UNUSED_VARIABLE = YES;
				IPHONEOS_DEPLOYMENT_TARGET = 13.0;
				MTL_ENABLE_DEBUG_INFO = NO;
				MTL_FAST_MATH = YES;
				SDKROOT = iphoneos;
				SWIFT_COMPILATION_MODE = wholemodule;
				SWIFT_OPTIMIZATION_LEVEL = "-O";
				VALIDATE_PRODUCT = YES;
			};
			name = Release;
		};
		8FFFEEBD2A42D57C006A5CDD /* Debug */ = {
			isa = XCBuildConfiguration;
			buildSettings = {
				ASSETCATALOG_COMPILER_APPICON_NAME = AppIcon;
				ASSETCATALOG_COMPILER_GLOBAL_ACCENT_COLOR_NAME = AccentColor;
				CODE_SIGN_STYLE = Automatic;
				CURRENT_PROJECT_VERSION = 1;
				DEVELOPMENT_TEAM = 358A96VMMP;
				GENERATE_INFOPLIST_FILE = YES;
				INFOPLIST_FILE = DummyDecodable/Info.plist;
				INFOPLIST_KEY_UIApplicationSupportsIndirectInputEvents = YES;
				INFOPLIST_KEY_UILaunchStoryboardName = LaunchScreen;
				INFOPLIST_KEY_UIMainStoryboardFile = Main;
				INFOPLIST_KEY_UISupportedInterfaceOrientations_iPad = "UIInterfaceOrientationPortrait UIInterfaceOrientationPortraitUpsideDown UIInterfaceOrientationLandscapeLeft UIInterfaceOrientationLandscapeRight";
				INFOPLIST_KEY_UISupportedInterfaceOrientations_iPhone = "UIInterfaceOrientationPortrait UIInterfaceOrientationLandscapeLeft UIInterfaceOrientationLandscapeRight";
				LD_RUNPATH_SEARCH_PATHS = (
					"$(inherited)",
					"@executable_path/Frameworks",
				);
				MARKETING_VERSION = 1.0;
				PRODUCT_BUNDLE_IDENTIFIER = com.flexible.sandbox.DummyDecodable;
				PRODUCT_NAME = "$(TARGET_NAME)";
				SWIFT_EMIT_LOC_STRINGS = YES;
				SWIFT_VERSION = 5.0;
				TARGETED_DEVICE_FAMILY = "1,2";
			};
			name = Debug;
		};
		8FFFEEBE2A42D57C006A5CDD /* Release */ = {
			isa = XCBuildConfiguration;
			buildSettings = {
				ASSETCATALOG_COMPILER_APPICON_NAME = AppIcon;
				ASSETCATALOG_COMPILER_GLOBAL_ACCENT_COLOR_NAME = AccentColor;
				CODE_SIGN_STYLE = Automatic;
				CURRENT_PROJECT_VERSION = 1;
				DEVELOPMENT_TEAM = 358A96VMMP;
				GENERATE_INFOPLIST_FILE = YES;
				INFOPLIST_FILE = DummyDecodable/Info.plist;
				INFOPLIST_KEY_UIApplicationSupportsIndirectInputEvents = YES;
				INFOPLIST_KEY_UILaunchStoryboardName = LaunchScreen;
				INFOPLIST_KEY_UIMainStoryboardFile = Main;
				INFOPLIST_KEY_UISupportedInterfaceOrientations_iPad = "UIInterfaceOrientationPortrait UIInterfaceOrientationPortraitUpsideDown UIInterfaceOrientationLandscapeLeft UIInterfaceOrientationLandscapeRight";
				INFOPLIST_KEY_UISupportedInterfaceOrientations_iPhone = "UIInterfaceOrientationPortrait UIInterfaceOrientationLandscapeLeft UIInterfaceOrientationLandscapeRight";
				LD_RUNPATH_SEARCH_PATHS = (
					"$(inherited)",
					"@executable_path/Frameworks",
				);
				MARKETING_VERSION = 1.0;
				PRODUCT_BUNDLE_IDENTIFIER = com.flexible.sandbox.DummyDecodable;
				PRODUCT_NAME = "$(TARGET_NAME)";
				SWIFT_EMIT_LOC_STRINGS = YES;
				SWIFT_VERSION = 5.0;
				TARGETED_DEVICE_FAMILY = "1,2";
			};
			name = Release;
		};
/* End XCBuildConfiguration section */

/* Begin XCConfigurationList section */
		8FFFEEA32A42D577006A5CDD /* Build configuration list for PBXProject "DummyDecodable" */ = {
			isa = XCConfigurationList;
			buildConfigurations = (
				8FFFEEBA2A42D57C006A5CDD /* Debug */,
				8FFFEEBB2A42D57C006A5CDD /* Release */,
			);
			defaultConfigurationIsVisible = 0;
			defaultConfigurationName = Release;
		};
		8FFFEEBC2A42D57C006A5CDD /* Build configuration list for PBXNativeTarget "DummyDecodable" */ = {
			isa = XCConfigurationList;
			buildConfigurations = (
				8FFFEEBD2A42D57C006A5CDD /* Debug */,
				8FFFEEBE2A42D57C006A5CDD /* Release */,
			);
			defaultConfigurationIsVisible = 0;
			defaultConfigurationName = Release;
		};
/* End XCConfigurationList section */
	};
	rootObject = 8FFFEEA02A42D577006A5CDD /* Project object */;
}
